// !$*UTF8*$!
{
	archiveVersion = 1;
	classes = {
	};
	objectVersion = 48;
	objects = {

/* Begin PBXBuildFile section */
		63A96CFB1F49E0B100283217 /* ImageSearchCollectionViewController.swift in Sources */ = {isa = PBXBuildFile; fileRef = 63A96CFA1F49E0B100283217 /* ImageSearchCollectionViewController.swift */; };
		63D592A11F47B77E00BB4E37 /* AppDelegate.swift in Sources */ = {isa = PBXBuildFile; fileRef = 63D592A01F47B77E00BB4E37 /* AppDelegate.swift */; };
		63D592A31F47B77E00BB4E37 /* ViewController.swift in Sources */ = {isa = PBXBuildFile; fileRef = 63D592A21F47B77E00BB4E37 /* ViewController.swift */; };
		63D592A61F47B77E00BB4E37 /* Main.storyboard in Resources */ = {isa = PBXBuildFile; fileRef = 63D592A41F47B77E00BB4E37 /* Main.storyboard */; };
		63D592A81F47B77E00BB4E37 /* Assets.xcassets in Resources */ = {isa = PBXBuildFile; fileRef = 63D592A71F47B77E00BB4E37 /* Assets.xcassets */; };
		63D592AB1F47B77E00BB4E37 /* LaunchScreen.storyboard in Resources */ = {isa = PBXBuildFile; fileRef = 63D592A91F47B77E00BB4E37 /* LaunchScreen.storyboard */; };
		63D592E31F47DC5800BB4E37 /* ImagePickerPhotosViewController.xib in Resources */ = {isa = PBXBuildFile; fileRef = 63D592D51F47DC5700BB4E37 /* ImagePickerPhotosViewController.xib */; };
		63D592E41F47DC5800BB4E37 /* ImagePickerSetsTableViewCell.xib in Resources */ = {isa = PBXBuildFile; fileRef = 63D592D61F47DC5700BB4E37 /* ImagePickerSetsTableViewCell.xib */; };
		63D592E51F47DC5800BB4E37 /* ImagePickerSetsViewController.m in Sources */ = {isa = PBXBuildFile; fileRef = 63D592D71F47DC5700BB4E37 /* ImagePickerSetsViewController.m */; };
		63D592E61F47DC5800BB4E37 /* ImagePickerPhotosViewController.m in Sources */ = {isa = PBXBuildFile; fileRef = 63D592D81F47DC5700BB4E37 /* ImagePickerPhotosViewController.m */; };
		63D592E71F47DC5800BB4E37 /* ImagePickerPhotosCollectionViewCell.xib in Resources */ = {isa = PBXBuildFile; fileRef = 63D592D91F47DC5700BB4E37 /* ImagePickerPhotosCollectionViewCell.xib */; };
		63D592E81F47DC5800BB4E37 /* ImagePickerPhotosCollectionViewCell.m in Sources */ = {isa = PBXBuildFile; fileRef = 63D592DB1F47DC5700BB4E37 /* ImagePickerPhotosCollectionViewCell.m */; };
		63D592EA1F47DC5800BB4E37 /* ImagePickerSetsTableViewCell.m in Sources */ = {isa = PBXBuildFile; fileRef = 63D592DD1F47DC5700BB4E37 /* ImagePickerSetsTableViewCell.m */; };
		63D592EB1F47DC5800BB4E37 /* ImagePickerSetsViewController.xib in Resources */ = {isa = PBXBuildFile; fileRef = 63D592DE1F47DC5700BB4E37 /* ImagePickerSetsViewController.xib */; };
		63D592EF1F47DE1400BB4E37 /* NSData+Save.m in Sources */ = {isa = PBXBuildFile; fileRef = 63D592EE1F47DE1400BB4E37 /* NSData+Save.m */; };
/* End PBXBuildFile section */

/* Begin PBXFileReference section */
		632317DD1F47E90C00D73252 /* StackEm-Bridging-Header.h */ = {isa = PBXFileReference; lastKnownFileType = sourcecode.c.h; path = "StackEm-Bridging-Header.h"; sourceTree = "<group>"; };
		63A96CFA1F49E0B100283217 /* ImageSearchCollectionViewController.swift */ = {isa = PBXFileReference; lastKnownFileType = sourcecode.swift; path = ImageSearchCollectionViewController.swift; sourceTree = "<group>"; };
		63D5929D1F47B77E00BB4E37 /* StackEm.app */ = {isa = PBXFileReference; explicitFileType = wrapper.application; includeInIndex = 0; path = StackEm.app; sourceTree = BUILT_PRODUCTS_DIR; };
		63D592A01F47B77E00BB4E37 /* AppDelegate.swift */ = {isa = PBXFileReference; lastKnownFileType = sourcecode.swift; path = AppDelegate.swift; sourceTree = "<group>"; };
		63D592A21F47B77E00BB4E37 /* ViewController.swift */ = {isa = PBXFileReference; lastKnownFileType = sourcecode.swift; path = ViewController.swift; sourceTree = "<group>"; };
		63D592A51F47B77E00BB4E37 /* Base */ = {isa = PBXFileReference; lastKnownFileType = file.storyboard; name = Base; path = Base.lproj/Main.storyboard; sourceTree = "<group>"; };
		63D592A71F47B77E00BB4E37 /* Assets.xcassets */ = {isa = PBXFileReference; lastKnownFileType = folder.assetcatalog; path = Assets.xcassets; sourceTree = "<group>"; };
		63D592AA1F47B77E00BB4E37 /* Base */ = {isa = PBXFileReference; lastKnownFileType = file.storyboard; name = Base; path = Base.lproj/LaunchScreen.storyboard; sourceTree = "<group>"; };
		63D592AC1F47B77E00BB4E37 /* Info.plist */ = {isa = PBXFileReference; lastKnownFileType = text.plist.xml; path = Info.plist; sourceTree = "<group>"; };
		63D592D41F47DC5700BB4E37 /* ImagePickerSetsTableViewCell.h */ = {isa = PBXFileReference; fileEncoding = 4; lastKnownFileType = sourcecode.c.h; path = ImagePickerSetsTableViewCell.h; sourceTree = "<group>"; };
		63D592D51F47DC5700BB4E37 /* ImagePickerPhotosViewController.xib */ = {isa = PBXFileReference; fileEncoding = 4; lastKnownFileType = file.xib; path = ImagePickerPhotosViewController.xib; sourceTree = "<group>"; };
		63D592D61F47DC5700BB4E37 /* ImagePickerSetsTableViewCell.xib */ = {isa = PBXFileReference; fileEncoding = 4; lastKnownFileType = file.xib; path = ImagePickerSetsTableViewCell.xib; sourceTree = "<group>"; };
		63D592D71F47DC5700BB4E37 /* ImagePickerSetsViewController.m */ = {isa = PBXFileReference; fileEncoding = 4; lastKnownFileType = sourcecode.c.objc; path = ImagePickerSetsViewController.m; sourceTree = "<group>"; };
		63D592D81F47DC5700BB4E37 /* ImagePickerPhotosViewController.m */ = {isa = PBXFileReference; fileEncoding = 4; lastKnownFileType = sourcecode.c.objc; path = ImagePickerPhotosViewController.m; sourceTree = "<group>"; };
		63D592D91F47DC5700BB4E37 /* ImagePickerPhotosCollectionViewCell.xib */ = {isa = PBXFileReference; fileEncoding = 4; lastKnownFileType = file.xib; path = ImagePickerPhotosCollectionViewCell.xib; sourceTree = "<group>"; };
		63D592DB1F47DC5700BB4E37 /* ImagePickerPhotosCollectionViewCell.m */ = {isa = PBXFileReference; fileEncoding = 4; lastKnownFileType = sourcecode.c.objc; path = ImagePickerPhotosCollectionViewCell.m; sourceTree = "<group>"; };
		63D592DD1F47DC5700BB4E37 /* ImagePickerSetsTableViewCell.m */ = {isa = PBXFileReference; fileEncoding = 4; lastKnownFileType = sourcecode.c.objc; path = ImagePickerSetsTableViewCell.m; sourceTree = "<group>"; };
		63D592DE1F47DC5700BB4E37 /* ImagePickerSetsViewController.xib */ = {isa = PBXFileReference; fileEncoding = 4; lastKnownFileType = file.xib; path = ImagePickerSetsViewController.xib; sourceTree = "<group>"; };
		63D592DF1F47DC5700BB4E37 /* ImagePickerSetsViewController.h */ = {isa = PBXFileReference; fileEncoding = 4; lastKnownFileType = sourcecode.c.h; path = ImagePickerSetsViewController.h; sourceTree = "<group>"; };
		63D592E01F47DC5700BB4E37 /* ImagePickerPhotosViewController.h */ = {isa = PBXFileReference; fileEncoding = 4; lastKnownFileType = sourcecode.c.h; path = ImagePickerPhotosViewController.h; sourceTree = "<group>"; };
		63D592E11F47DC5700BB4E37 /* ImagePickerPhotosCollectionViewCell.h */ = {isa = PBXFileReference; fileEncoding = 4; lastKnownFileType = sourcecode.c.h; path = ImagePickerPhotosCollectionViewCell.h; sourceTree = "<group>"; };
		63D592ED1F47DE1400BB4E37 /* NSData+Save.h */ = {isa = PBXFileReference; fileEncoding = 4; lastKnownFileType = sourcecode.c.h; path = "NSData+Save.h"; sourceTree = "<group>"; };
		63D592EE1F47DE1400BB4E37 /* NSData+Save.m */ = {isa = PBXFileReference; fileEncoding = 4; lastKnownFileType = sourcecode.c.objc; path = "NSData+Save.m"; sourceTree = "<group>"; };
/* End PBXFileReference section */

/* Begin PBXFrameworksBuildPhase section */
		63D5929A1F47B77E00BB4E37 /* Frameworks */ = {
			isa = PBXFrameworksBuildPhase;
			buildActionMask = 2147483647;
			files = (
			);
			runOnlyForDeploymentPostprocessing = 0;
		};
/* End PBXFrameworksBuildPhase section */

/* Begin PBXGroup section */
		63D592941F47B77E00BB4E37 = {
			isa = PBXGroup;
			children = (
				63D5929F1F47B77E00BB4E37 /* StackEm */,
				63D5929E1F47B77E00BB4E37 /* Products */,
				632317DD1F47E90C00D73252 /* StackEm-Bridging-Header.h */,
			);
			sourceTree = "<group>";
		};
		63D5929E1F47B77E00BB4E37 /* Products */ = {
			isa = PBXGroup;
			children = (
				63D5929D1F47B77E00BB4E37 /* StackEm.app */,
			);
			name = Products;
			sourceTree = "<group>";
		};
		63D5929F1F47B77E00BB4E37 /* StackEm */ = {
			isa = PBXGroup;
			children = (
				63D592D31F47DC5700BB4E37 /* AssetPicker */,
				63D592A01F47B77E00BB4E37 /* AppDelegate.swift */,
				63D592A21F47B77E00BB4E37 /* ViewController.swift */,
				63D592A41F47B77E00BB4E37 /* Main.storyboard */,
				63D592A71F47B77E00BB4E37 /* Assets.xcassets */,
				63D592A91F47B77E00BB4E37 /* LaunchScreen.storyboard */,
				63D592AC1F47B77E00BB4E37 /* Info.plist */,
			);
			path = StackEm;
			sourceTree = "<group>";
		};
		63D592D31F47DC5700BB4E37 /* AssetPicker */ = {
			isa = PBXGroup;
			children = (
				63D592ED1F47DE1400BB4E37 /* NSData+Save.h */,
				63D592EE1F47DE1400BB4E37 /* NSData+Save.m */,
				63D592E11F47DC5700BB4E37 /* ImagePickerPhotosCollectionViewCell.h */,
				63D592DB1F47DC5700BB4E37 /* ImagePickerPhotosCollectionViewCell.m */,
				63D592D91F47DC5700BB4E37 /* ImagePickerPhotosCollectionViewCell.xib */,
				63D592E01F47DC5700BB4E37 /* ImagePickerPhotosViewController.h */,
				63D592D81F47DC5700BB4E37 /* ImagePickerPhotosViewController.m */,
				63D592D51F47DC5700BB4E37 /* ImagePickerPhotosViewController.xib */,
				63D592D41F47DC5700BB4E37 /* ImagePickerSetsTableViewCell.h */,
				63D592DD1F47DC5700BB4E37 /* ImagePickerSetsTableViewCell.m */,
				63D592D61F47DC5700BB4E37 /* ImagePickerSetsTableViewCell.xib */,
				63D592DF1F47DC5700BB4E37 /* ImagePickerSetsViewController.h */,
				63D592D71F47DC5700BB4E37 /* ImagePickerSetsViewController.m */,
				63D592DE1F47DC5700BB4E37 /* ImagePickerSetsViewController.xib */,
				63A96CFA1F49E0B100283217 /* ImageSearchCollectionViewController.swift */,
			);
			path = AssetPicker;
			sourceTree = "<group>";
		};
/* End PBXGroup section */

/* Begin PBXNativeTarget section */
		63D5929C1F47B77E00BB4E37 /* StackEm */ = {
			isa = PBXNativeTarget;
			buildConfigurationList = 63D592AF1F47B77F00BB4E37 /* Build configuration list for PBXNativeTarget "StackEm" */;
			buildPhases = (
				63D592991F47B77E00BB4E37 /* Sources */,
				63D5929A1F47B77E00BB4E37 /* Frameworks */,
				63D5929B1F47B77E00BB4E37 /* Resources */,
			);
			buildRules = (
			);
			dependencies = (
			);
			name = StackEm;
			productName = StackEm;
			productReference = 63D5929D1F47B77E00BB4E37 /* StackEm.app */;
			productType = "com.apple.product-type.application";
		};
/* End PBXNativeTarget section */

/* Begin PBXProject section */
		63D592951F47B77E00BB4E37 /* Project object */ = {
			isa = PBXProject;
			attributes = {
				LastSwiftUpdateCheck = 0900;
				LastUpgradeCheck = 0900;
				ORGANIZATIONNAME = "David Charlec";
				TargetAttributes = {
					63D5929C1F47B77E00BB4E37 = {
						CreatedOnToolsVersion = 9.0;
					};
				};
			};
			buildConfigurationList = 63D592981F47B77E00BB4E37 /* Build configuration list for PBXProject "StackEm" */;
			compatibilityVersion = "Xcode 8.0";
			developmentRegion = en;
			hasScannedForEncodings = 0;
			knownRegions = (
				en,
				Base,
			);
			mainGroup = 63D592941F47B77E00BB4E37;
			productRefGroup = 63D5929E1F47B77E00BB4E37 /* Products */;
			projectDirPath = "";
			projectRoot = "";
			targets = (
				63D5929C1F47B77E00BB4E37 /* StackEm */,
			);
		};
/* End PBXProject section */

/* Begin PBXResourcesBuildPhase section */
		63D5929B1F47B77E00BB4E37 /* Resources */ = {
			isa = PBXResourcesBuildPhase;
			buildActionMask = 2147483647;
			files = (
				63D592E41F47DC5800BB4E37 /* ImagePickerSetsTableViewCell.xib in Resources */,
				63D592AB1F47B77E00BB4E37 /* LaunchScreen.storyboard in Resources */,
				63D592EB1F47DC5800BB4E37 /* ImagePickerSetsViewController.xib in Resources */,
				63D592E31F47DC5800BB4E37 /* ImagePickerPhotosViewController.xib in Resources */,
				63D592A81F47B77E00BB4E37 /* Assets.xcassets in Resources */,
				63D592A61F47B77E00BB4E37 /* Main.storyboard in Resources */,
				63D592E71F47DC5800BB4E37 /* ImagePickerPhotosCollectionViewCell.xib in Resources */,
			);
			runOnlyForDeploymentPostprocessing = 0;
		};
/* End PBXResourcesBuildPhase section */

/* Begin PBXSourcesBuildPhase section */
		63D592991F47B77E00BB4E37 /* Sources */ = {
			isa = PBXSourcesBuildPhase;
			buildActionMask = 2147483647;
			files = (
				63A96CFB1F49E0B100283217 /* ImageSearchCollectionViewController.swift in Sources */,
				63D592A31F47B77E00BB4E37 /* ViewController.swift in Sources */,
				63D592E51F47DC5800BB4E37 /* ImagePickerSetsViewController.m in Sources */,
				63D592E81F47DC5800BB4E37 /* ImagePickerPhotosCollectionViewCell.m in Sources */,
				63D592A11F47B77E00BB4E37 /* AppDelegate.swift in Sources */,
				63D592EF1F47DE1400BB4E37 /* NSData+Save.m in Sources */,
				63D592EA1F47DC5800BB4E37 /* ImagePickerSetsTableViewCell.m in Sources */,
				63D592E61F47DC5800BB4E37 /* ImagePickerPhotosViewController.m in Sources */,
			);
			runOnlyForDeploymentPostprocessing = 0;
		};
/* End PBXSourcesBuildPhase section */

/* Begin PBXVariantGroup section */
		63D592A41F47B77E00BB4E37 /* Main.storyboard */ = {
			isa = PBXVariantGroup;
			children = (
				63D592A51F47B77E00BB4E37 /* Base */,
			);
			name = Main.storyboard;
			sourceTree = "<group>";
		};
		63D592A91F47B77E00BB4E37 /* LaunchScreen.storyboard */ = {
			isa = PBXVariantGroup;
			children = (
				63D592AA1F47B77E00BB4E37 /* Base */,
			);
			name = LaunchScreen.storyboard;
			sourceTree = "<group>";
		};
/* End PBXVariantGroup section */

/* Begin XCBuildConfiguration section */
		63D592AD1F47B77E00BB4E37 /* Debug */ = {
			isa = XCBuildConfiguration;
			buildSettings = {
				ALWAYS_SEARCH_USER_PATHS = NO;
				CLANG_ANALYZER_NONNULL = YES;
				CLANG_ANALYZER_NUMBER_OBJECT_CONVERSION = YES_AGGRESSIVE;
				CLANG_CXX_LANGUAGE_STANDARD = "gnu++14";
				CLANG_CXX_LIBRARY = "libc++";
				CLANG_ENABLE_MODULES = YES;
				CLANG_ENABLE_OBJC_ARC = YES;
				CLANG_WARN_BLOCK_CAPTURE_AUTORELEASING = YES;
				CLANG_WARN_BOOL_CONVERSION = YES;
				CLANG_WARN_COMMA = YES;
				CLANG_WARN_CONSTANT_CONVERSION = YES;
				CLANG_WARN_DIRECT_OBJC_ISA_USAGE = YES_ERROR;
				CLANG_WARN_DOCUMENTATION_COMMENTS = YES;
				CLANG_WARN_EMPTY_BODY = YES;
				CLANG_WARN_ENUM_CONVERSION = YES;
				CLANG_WARN_INFINITE_RECURSION = YES;
				CLANG_WARN_INT_CONVERSION = YES;
				CLANG_WARN_NON_LITERAL_NULL_CONVERSION = YES;
				CLANG_WARN_OBJC_LITERAL_CONVERSION = YES;
				CLANG_WARN_OBJC_ROOT_CLASS = YES_ERROR;
				CLANG_WARN_RANGE_LOOP_ANALYSIS = YES;
				CLANG_WARN_STRICT_PROTOTYPES = YES;
				CLANG_WARN_SUSPICIOUS_MOVE = YES;
				CLANG_WARN_UNGUARDED_AVAILABILITY = YES_AGGRESSIVE;
				CLANG_WARN_UNREACHABLE_CODE = YES;
				CLANG_WARN__DUPLICATE_METHOD_MATCH = YES;
				CODE_SIGN_IDENTITY = "iPhone Developer";
				COPY_PHASE_STRIP = NO;
				DEBUG_INFORMATION_FORMAT = dwarf;
				ENABLE_STRICT_OBJC_MSGSEND = YES;
				ENABLE_TESTABILITY = YES;
				GCC_C_LANGUAGE_STANDARD = gnu11;
				GCC_DYNAMIC_NO_PIC = NO;
				GCC_NO_COMMON_BLOCKS = YES;
				GCC_OPTIMIZATION_LEVEL = 0;
				GCC_PREPROCESSOR_DEFINITIONS = (
					"DEBUG=1",
					"$(inherited)",
				);
				GCC_WARN_64_TO_32_BIT_CONVERSION = YES;
				GCC_WARN_ABOUT_RETURN_TYPE = YES_ERROR;
				GCC_WARN_UNDECLARED_SELECTOR = YES;
				GCC_WARN_UNINITIALIZED_AUTOS = YES_AGGRESSIVE;
				GCC_WARN_UNUSED_FUNCTION = YES;
				GCC_WARN_UNUSED_VARIABLE = YES;
				IPHONEOS_DEPLOYMENT_TARGET = 11.0;
				MTL_ENABLE_DEBUG_INFO = YES;
				ONLY_ACTIVE_ARCH = YES;
				SDKROOT = iphoneos;
				SWIFT_ACTIVE_COMPILATION_CONDITIONS = DEBUG;
				SWIFT_OBJC_BRIDGING_HEADER = "";
				SWIFT_OPTIMIZATION_LEVEL = "-Onone";
			};
			name = Debug;
		};
		63D592AE1F47B77E00BB4E37 /* Release */ = {
			isa = XCBuildConfiguration;
			buildSettings = {
				ALWAYS_SEARCH_USER_PATHS = NO;
				CLANG_ANALYZER_NONNULL = YES;
				CLANG_ANALYZER_NUMBER_OBJECT_CONVERSION = YES_AGGRESSIVE;
				CLANG_CXX_LANGUAGE_STANDARD = "gnu++14";
				CLANG_CXX_LIBRARY = "libc++";
				CLANG_ENABLE_MODULES = YES;
				CLANG_ENABLE_OBJC_ARC = YES;
				CLANG_WARN_BLOCK_CAPTURE_AUTORELEASING = YES;
				CLANG_WARN_BOOL_CONVERSION = YES;
				CLANG_WARN_COMMA = YES;
				CLANG_WARN_CONSTANT_CONVERSION = YES;
				CLANG_WARN_DIRECT_OBJC_ISA_USAGE = YES_ERROR;
				CLANG_WARN_DOCUMENTATION_COMMENTS = YES;
				CLANG_WARN_EMPTY_BODY = YES;
				CLANG_WARN_ENUM_CONVERSION = YES;
				CLANG_WARN_INFINITE_RECURSION = YES;
				CLANG_WARN_INT_CONVERSION = YES;
				CLANG_WARN_NON_LITERAL_NULL_CONVERSION = YES;
				CLANG_WARN_OBJC_LITERAL_CONVERSION = YES;
				CLANG_WARN_OBJC_ROOT_CLASS = YES_ERROR;
				CLANG_WARN_RANGE_LOOP_ANALYSIS = YES;
				CLANG_WARN_STRICT_PROTOTYPES = YES;
				CLANG_WARN_SUSPICIOUS_MOVE = YES;
				CLANG_WARN_UNGUARDED_AVAILABILITY = YES_AGGRESSIVE;
				CLANG_WARN_UNREACHABLE_CODE = YES;
				CLANG_WARN__DUPLICATE_METHOD_MATCH = YES;
				CODE_SIGN_IDENTITY = "iPhone Developer";
				COPY_PHASE_STRIP = NO;
				DEBUG_INFORMATION_FORMAT = "dwarf-with-dsym";
				ENABLE_NS_ASSERTIONS = NO;
				ENABLE_STRICT_OBJC_MSGSEND = YES;
				GCC_C_LANGUAGE_STANDARD = gnu11;
				GCC_NO_COMMON_BLOCKS = YES;
				GCC_WARN_64_TO_32_BIT_CONVERSION = YES;
				GCC_WARN_ABOUT_RETURN_TYPE = YES_ERROR;
				GCC_WARN_UNDECLARED_SELECTOR = YES;
				GCC_WARN_UNINITIALIZED_AUTOS = YES_AGGRESSIVE;
				GCC_WARN_UNUSED_FUNCTION = YES;
				GCC_WARN_UNUSED_VARIABLE = YES;
				IPHONEOS_DEPLOYMENT_TARGET = 11.0;
				MTL_ENABLE_DEBUG_INFO = NO;
				SDKROOT = iphoneos;
				SWIFT_OBJC_BRIDGING_HEADER = "";
				SWIFT_OPTIMIZATION_LEVEL = "-Owholemodule";
				VALIDATE_PRODUCT = YES;
			};
			name = Release;
		};
		63D592B01F47B77F00BB4E37 /* Debug */ = {
			isa = XCBuildConfiguration;
			buildSettings = {
				ASSETCATALOG_COMPILER_APPICON_NAME = AppIcon;
				DEVELOPMENT_TEAM = V5SJQKJ54B;
				INFOPLIST_FILE = StackEm/Info.plist;
				LD_RUNPATH_SEARCH_PATHS = "$(inherited) @executable_path/Frameworks";
				PRODUCT_BUNDLE_IDENTIFIER = com.davidcharlec.StackEm;
				PRODUCT_NAME = "$(TARGET_NAME)";
				SWIFT_OBJC_BRIDGING_HEADER = "$(SWIFT_MODULE_NAME)-Bridging-Header.h";
				SWIFT_PRECOMPILE_BRIDGING_HEADER = YES;
				SWIFT_VERSION = 4.0;
				TARGETED_DEVICE_FAMILY = "1,2";
			};
			name = Debug;
		};
		63D592B11F47B77F00BB4E37 /* Release */ = {
			isa = XCBuildConfiguration;
			buildSettings = {
				ASSETCATALOG_COMPILER_APPICON_NAME = AppIcon;
				DEVELOPMENT_TEAM = V5SJQKJ54B;
				INFOPLIST_FILE = StackEm/Info.plist;
				LD_RUNPATH_SEARCH_PATHS = "$(inherited) @executable_path/Frameworks";
				PRODUCT_BUNDLE_IDENTIFIER = com.davidcharlec.StackEm;
				PRODUCT_NAME = "$(TARGET_NAME)";
				SWIFT_OBJC_BRIDGING_HEADER = "$(SWIFT_MODULE_NAME)-Bridging-Header.h";
				SWIFT_PRECOMPILE_BRIDGING_HEADER = YES;
				SWIFT_VERSION = 4.0;
				TARGETED_DEVICE_FAMILY = "1,2";
			};
			name = Release;
		};
/* End XCBuildConfiguration section */

/* Begin XCConfigurationList section */
		63D592981F47B77E00BB4E37 /* Build configuration list for PBXProject "StackEm" */ = {
			isa = XCConfigurationList;
			buildConfigurations = (
				63D592AD1F47B77E00BB4E37 /* Debug */,
				63D592AE1F47B77E00BB4E37 /* Release */,
			);
			defaultConfigurationIsVisible = 0;
			defaultConfigurationName = Release;
		};
		63D592AF1F47B77F00BB4E37 /* Build configuration list for PBXNativeTarget "StackEm" */ = {
			isa = XCConfigurationList;
			buildConfigurations = (
				63D592B01F47B77F00BB4E37 /* Debug */,
				63D592B11F47B77F00BB4E37 /* Release */,
			);
			defaultConfigurationIsVisible = 0;
			defaultConfigurationName = Release;
		};
/* End XCConfigurationList section */
	};
	rootObject = 63D592951F47B77E00BB4E37 /* Project object */;
}
